{
  "originHash" : "3f88a024f584fa0d4ba0b0dd8fa5034adc7ae569b7d909ca157f6c40cfebfc40",
  "pins" : [
    {
      "identity" : "sdk-ios",
      "kind" : "remoteSourceControl",
      "location" : "https://github.com/StreamLayer/sdk-ios",
      "state" : {
        "revision" : "20494259f952d0bd550ad95becb21b3b49296752",
        "version" : "8.22.164"
      }
    },
    {
      "identity" : "sdk-ios-plugins",
      "kind" : "remoteSourceControl",
      "location" : "https://github.com/StreamLayer/sdk-ios-plugins",
      "state" : {
        "branch" : "main",
        "revision" : "7397c91619c19cd60f8cf1058a05ffb1896f7624"
      }
    },
    {
      "identity" : "sl-programmatic-access-library-ios-tvos",
      "kind" : "remoteSourceControl",
      "location" : "https://github.com/StreamLayer/sl-programmatic-access-library-ios-tvos",
      "state" : {
        "revision" : "f5ce8abf41c471b398d8065d1d934c26efeb4529",
        "version" : "2.8.1"
      }
    }
  ],
  "version" : 3
}
